
Microsoft Visual Studio Solution File, Format Version 12.00
# Visual Studio 15
VisualStudioVersion = 15.0.27004.2006
MinimumVisualStudioVersion = 10.0.40219.1
Project("{FAE04EC0-301F-11D3-BF4B-00C04F79EFBC}") = "CShapeSerialPort", "CShapeSerialPort.csproj", "{AD576D1A-0268-468E-9E63-CDB1CA7EB52C}"
EndProject
Global
	GlobalSection(SolutionConfigurationPlatforms) = preSolution
		Debug|x86 = Debug|x86
		Release|x86 = Release|x86
	EndGlobalSection
	GlobalSection(ProjectConfigurationPlatforms) = postSolution
		{AD576D1A-0268-468E-9E63-CDB1CA7EB52C}.Debug|x86.ActiveCfg = Debug|x86
		{AD576D1A-0268-468E-9E63-CDB1CA7EB52C}.Debug|x86.Build.0 = Debug|x86
		{AD576D1A-0268-468E-9E63-CDB1CA7EB52C}.Release|x86.ActiveCfg = Release|x86
		{AD576D1A-0268-468E-9E63-CDB1CA7EB52C}.Release|x86.Build.0 = Release|x86
	EndGlobalSection
	GlobalSection(SolutionProperties) = preSolution
		HideSolutionNode = FALSE
	EndGlobalSection
	GlobalSection(ExtensibilityGlobals) = postSolution
		SolutionGuid = {47A32FBB-A06E-4631-959F-353AEB57E006}
	EndGlobalSection
EndGlobal
